# generated by rye
# use `rye lock` or `rye sync` to update this lockfile
#
# last locked with the following flags:
#   pre: false
#   features: []
#   all-features: false
#   with-sources: false

-e file:.
appdirs==1.4.4
    # via online-judge-api-client
attrs==23.2.0
    # via jsonschema
    # via referencing
beautifulsoup4==4.12.3
    # via online-judge-api-client
certifi==2024.2.2
    # via requests
charset-normalizer==3.3.2
    # via requests
colorlog==6.8.2
    # via online-judge-api-client
idna==3.6
    # via requests
jsonschema==4.21.1
    # via online-judge-api-client
jsonschema-specifications==2023.12.1
    # via jsonschema
lxml==5.1.0
    # via online-judge-api-client
online-judge-api-client==10.10.1
    # via virtual-contest
referencing==0.33.0
    # via jsonschema
    # via jsonschema-specifications
requests==2.31.0
    # via online-judge-api-client
rpds-py==0.18.0
    # via jsonschema
    # via referencing
soupsieve==2.5
    # via beautifulsoup4
toml==0.10.2
    # via online-judge-api-client
urllib3==2.2.1
    # via requests
